
Microsoft Visual Studio Solution File, Format Version 12.00
# Visual Studio Version 17
VisualStudioVersion = 17.13.35825.156 d17.13
MinimumVisualStudioVersion = 10.0.40219.1
Project("{FAE04EC0-301F-11D3-BF4B-00C04F79EFBC}") = "MvvmSampleWPF", "MvvmSampleWPF\MvvmSampleWPF.csproj", "{691026DF-EC41-4B56-8E19-349F91ED71ED}"
EndProject
Project("{FAE04EC0-301F-11D3-BF4B-00C04F79EFBC}") = "MvvmSample.Core", "..\MvvmSample.Core\MvvmSample.Core.csproj", "{27487C78-AC38-BD1E-FE11-5AF12A6CC8A5}"
EndProject
Global
	GlobalSection(SolutionConfigurationPlatforms) = preSolution
		Debug|Any CPU = Debug|Any CPU
		Release|Any CPU = Release|Any CPU
	EndGlobalSection
	GlobalSection(ProjectConfigurationPlatforms) = postSolution
		{691026DF-EC41-4B56-8E19-349F91ED71ED}.Debug|Any CPU.ActiveCfg = Debug|Any CPU
		{691026DF-EC41-4B56-8E19-349F91ED71ED}.Debug|Any CPU.Build.0 = Debug|Any CPU
		{691026DF-EC41-4B56-8E19-349F91ED71ED}.Release|Any CPU.ActiveCfg = Release|Any CPU
		{691026DF-EC41-4B56-8E19-349F91ED71ED}.Release|Any CPU.Build.0 = Release|Any CPU
		{27487C78-AC38-BD1E-FE11-5AF12A6CC8A5}.Debug|Any CPU.ActiveCfg = Debug|Any CPU
		{27487C78-AC38-BD1E-FE11-5AF12A6CC8A5}.Debug|Any CPU.Build.0 = Debug|Any CPU
		{27487C78-AC38-BD1E-FE11-5AF12A6CC8A5}.Release|Any CPU.ActiveCfg = Release|Any CPU
		{27487C78-AC38-BD1E-FE11-5AF12A6CC8A5}.Release|Any CPU.Build.0 = Release|Any CPU
	EndGlobalSection
	GlobalSection(SolutionProperties) = preSolution
		HideSolutionNode = FALSE
	EndGlobalSection
	GlobalSection(ExtensibilityGlobals) = postSolution
		SolutionGuid = {62684750-1C8A-40DF-A1A7-BB3E1CA38E65}
	EndGlobalSection
EndGlobal
